// !$*UTF8*$!
{
	archiveVersion = 1;
	classes = {
	};
	objectVersion = 77;
	objects = {

/* Begin PBXContainerItemProxy section */
		C962C02E2DC276FB00E7BB96 /* PBXContainerItemProxy */ = {
			isa = PBXContainerItemProxy;
			containerPortal = C962C0182DC276FA00E7BB96 /* Project object */;
			proxyType = 1;
			remoteGlobalIDString = C962C01F2DC276FA00E7BB96;
			remoteInfo = PremierMovies;
		};
		C962C0382DC276FB00E7BB96 /* PBXContainerItemProxy */ = {
			isa = PBXContainerItemProxy;
			containerPortal = C962C0182DC276FA00E7BB96 /* Project object */;
			proxyType = 1;
			remoteGlobalIDString = C962C01F2DC276FA00E7BB96;
			remoteInfo = PremierMovies;
		};
/* End PBXContainerItemProxy section */

/* Begin PBXFileReference section */
		C962C0202DC276FA00E7BB96 /* PremierMovies.app */ = {isa = PBXFileReference; explicitFileType = wrapper.application; includeInIndex = 0; path = PremierMovies.app; sourceTree = BUILT_PRODUCTS_DIR; };
		C962C02D2DC276FB00E7BB96 /* PremierMoviesTests.xctest */ = {isa = PBXFileReference; explicitFileType = wrapper.cfbundle; includeInIndex = 0; path = PremierMoviesTests.xctest; sourceTree = BUILT_PRODUCTS_DIR; };
		C962C0372DC276FB00E7BB96 /* PremierMoviesUITests.xctest */ = {isa = PBXFileReference; explicitFileType = wrapper.cfbundle; includeInIndex = 0; path = PremierMoviesUITests.xctest; sourceTree = BUILT_PRODUCTS_DIR; };
/* End PBXFileReference section */

/* Begin PBXFileSystemSynchronizedBuildFileExceptionSet section */
		C962C0B82DC2A01F00E7BB96 /* Exceptions for "PremierMovies" folder in "PremierMovies" target */ = {
			isa = PBXFileSystemSynchronizedBuildFileExceptionSet;
			membershipExceptions = (
				Info.plist,
			);
			target = C962C01F2DC276FA00E7BB96 /* PremierMovies */;
		};
/* End PBXFileSystemSynchronizedBuildFileExceptionSet section */

/* Begin PBXFileSystemSynchronizedRootGroup section */
		C962C0222DC276FA00E7BB96 /* PremierMovies */ = {
			isa = PBXFileSystemSynchronizedRootGroup;
			exceptions = (
				C962C0B82DC2A01F00E7BB96 /* Exceptions for "PremierMovies" folder in "PremierMovies" target */,
			);
			path = PremierMovies;
			sourceTree = "<group>";
		};
		C962C0302DC276FB00E7BB96 /* PremierMoviesTests */ = {
			isa = PBXFileSystemSynchronizedRootGroup;
			path = PremierMoviesTests;
			sourceTree = "<group>";
		};
		C962C03A2DC276FB00E7BB96 /* PremierMoviesUITests */ = {
			isa = PBXFileSystemSynchronizedRootGroup;
			path = PremierMoviesUITests;
			sourceTree = "<group>";
		};
/* End PBXFileSystemSynchronizedRootGroup section */

/* Begin PBXFrameworksBuildPhase section */
		C962C01D2DC276FA00E7BB96 /* Frameworks */ = {
			isa = PBXFrameworksBuildPhase;
			buildActionMask = 2147483647;
			files = (
			);
			runOnlyForDeploymentPostprocessing = 0;
		};
		C962C02A2DC276FB00E7BB96 /* Frameworks */ = {
			isa = PBXFrameworksBuildPhase;
			buildActionMask = 2147483647;
			files = (
			);
			runOnlyForDeploymentPostprocessing = 0;
		};
		C962C0342DC276FB00E7BB96 /* Frameworks */ = {
			isa = PBXFrameworksBuildPhase;
			buildActionMask = 2147483647;
			files = (
			);
			runOnlyForDeploymentPostprocessing = 0;
		};
/* End PBXFrameworksBuildPhase section */

/* Begin PBXGroup section */
		C962C0172DC276FA00E7BB96 = {
			isa = PBXGroup;
			children = (
				C962C0222DC276FA00E7BB96 /* PremierMovies */,
				C962C0302DC276FB00E7BB96 /* PremierMoviesTests */,
				C962C03A2DC276FB00E7BB96 /* PremierMoviesUITests */,
				C962C0212DC276FA00E7BB96 /* Products */,
			);
			sourceTree = "<group>";
		};
		C962C0212DC276FA00E7BB96 /* Products */ = {
			isa = PBXGroup;
			children = (
				C962C0202DC276FA00E7BB96 /* PremierMovies.app */,
				C962C02D2DC276FB00E7BB96 /* PremierMoviesTests.xctest */,
				C962C0372DC276FB00E7BB96 /* PremierMoviesUITests.xctest */,
			);
			name = Products;
			sourceTree = "<group>";
		};
/* End PBXGroup section */

/* Begin PBXNativeTarget section */
		C962C01F2DC276FA00E7BB96 /* PremierMovies */ = {
			isa = PBXNativeTarget;
			buildConfigurationList = C962C0412DC276FB00E7BB96 /* Build configuration list for PBXNativeTarget "PremierMovies" */;
			buildPhases = (
				C962C01C2DC276FA00E7BB96 /* Sources */,
				C962C01D2DC276FA00E7BB96 /* Frameworks */,
				C962C01E2DC276FA00E7BB96 /* Resources */,
			);
			buildRules = (
			);
			dependencies = (
			);
			fileSystemSynchronizedGroups = (
				C962C0222DC276FA00E7BB96 /* PremierMovies */,
			);
			name = PremierMovies;
			packageProductDependencies = (
			);
			productName = PremierMovies;
			productReference = C962C0202DC276FA00E7BB96 /* PremierMovies.app */;
			productType = "com.apple.product-type.application";
		};
		C962C02C2DC276FB00E7BB96 /* PremierMoviesTests */ = {
			isa = PBXNativeTarget;
			buildConfigurationList = C962C0442DC276FB00E7BB96 /* Build configuration list for PBXNativeTarget "PremierMoviesTests" */;
			buildPhases = (
				C962C0292DC276FB00E7BB96 /* Sources */,
				C962C02A2DC276FB00E7BB96 /* Frameworks */,
				C962C02B2DC276FB00E7BB96 /* Resources */,
			);
			buildRules = (
			);
			dependencies = (
				C962C02F2DC276FB00E7BB96 /* PBXTargetDependency */,
			);
			fileSystemSynchronizedGroups = (
				C962C0302DC276FB00E7BB96 /* PremierMoviesTests */,
			);
			name = PremierMoviesTests;
			packageProductDependencies = (
			);
			productName = PremierMoviesTests;
			productReference = C962C02D2DC276FB00E7BB96 /* PremierMoviesTests.xctest */;
			productType = "com.apple.product-type.bundle.unit-test";
		};
		C962C0362DC276FB00E7BB96 /* PremierMoviesUITests */ = {
			isa = PBXNativeTarget;
			buildConfigurationList = C962C0472DC276FB00E7BB96 /* Build configuration list for PBXNativeTarget "PremierMoviesUITests" */;
			buildPhases = (
				C962C0332DC276FB00E7BB96 /* Sources */,
				C962C0342DC276FB00E7BB96 /* Frameworks */,
				C962C0352DC276FB00E7BB96 /* Resources */,
			);
			buildRules = (
			);
			dependencies = (
				C962C0392DC276FB00E7BB96 /* PBXTargetDependency */,
			);
			fileSystemSynchronizedGroups = (
				C962C03A2DC276FB00E7BB96 /* PremierMoviesUITests */,
			);
			name = PremierMoviesUITests;
			packageProductDependencies = (
			);
			productName = PremierMoviesUITests;
			productReference = C962C0372DC276FB00E7BB96 /* PremierMoviesUITests.xctest */;
			productType = "com.apple.product-type.bundle.ui-testing";
		};
/* End PBXNativeTarget section */

/* Begin PBXProject section */
		C962C0182DC276FA00E7BB96 /* Project object */ = {
			isa = PBXProject;
			attributes = {
				BuildIndependentTargetsInParallel = 1;
				LastSwiftUpdateCheck = 1630;
				LastUpgradeCheck = 1630;
				TargetAttributes = {
					C962C01F2DC276FA00E7BB96 = {
						CreatedOnToolsVersion = 16.3;
					};
					C962C02C2DC276FB00E7BB96 = {
						CreatedOnToolsVersion = 16.3;
						TestTargetID = C962C01F2DC276FA00E7BB96;
					};
					C962C0362DC276FB00E7BB96 = {
						CreatedOnToolsVersion = 16.3;
						TestTargetID = C962C01F2DC276FA00E7BB96;
					};
				};
			};
			buildConfigurationList = C962C01B2DC276FA00E7BB96 /* Build configuration list for PBXProject "PremierMovies" */;
			developmentRegion = en;
			hasScannedForEncodings = 0;
			knownRegions = (
				en,
				Base,
			);
			mainGroup = C962C0172DC276FA00E7BB96;
			minimizedProjectReferenceProxies = 1;
			packageReferences = (
			);
			preferredProjectObjectVersion = 77;
			productRefGroup = C962C0212DC276FA00E7BB96 /* Products */;
			projectDirPath = "";
			projectRoot = "";
			targets = (
				C962C01F2DC276FA00E7BB96 /* PremierMovies */,
				C962C02C2DC276FB00E7BB96 /* PremierMoviesTests */,
				C962C0362DC276FB00E7BB96 /* PremierMoviesUITests */,
			);
		};
/* End PBXProject section */

/* Begin PBXResourcesBuildPhase section */
		C962C01E2DC276FA00E7BB96 /* Resources */ = {
			isa = PBXResourcesBuildPhase;
			buildActionMask = 2147483647;
			files = (
			);
			runOnlyForDeploymentPostprocessing = 0;
		};
		C962C02B2DC276FB00E7BB96 /* Resources */ = {
			isa = PBXResourcesBuildPhase;
			buildActionMask = 2147483647;
			files = (
			);
			runOnlyForDeploymentPostprocessing = 0;
		};
		C962C0352DC276FB00E7BB96 /* Resources */ = {
			isa = PBXResourcesBuildPhase;
			buildActionMask = 2147483647;
			files = (
			);
			runOnlyForDeploymentPostprocessing = 0;
		};
/* End PBXResourcesBuildPhase section */

/* Begin PBXSourcesBuildPhase section */
		C962C01C2DC276FA00E7BB96 /* Sources */ = {
			isa = PBXSourcesBuildPhase;
			buildActionMask = 2147483647;
			files = (
			);
			runOnlyForDeploymentPostprocessing = 0;
		};
		C962C0292DC276FB00E7BB96 /* Sources */ = {
			isa = PBXSourcesBuildPhase;
			buildActionMask = 2147483647;
			files = (
			);
			runOnlyForDeploymentPostprocessing = 0;
		};
		C962C0332DC276FB00E7BB96 /* Sources */ = {
			isa = PBXSourcesBuildPhase;
			buildActionMask = 2147483647;
			files = (
			);
			runOnlyForDeploymentPostprocessing = 0;
		};
/* End PBXSourcesBuildPhase section */

/* Begin PBXTargetDependency section */
		C962C02F2DC276FB00E7BB96 /* PBXTargetDependency */ = {
			isa = PBXTargetDependency;
			target = C962C01F2DC276FA00E7BB96 /* PremierMovies */;
			targetProxy = C962C02E2DC276FB00E7BB96 /* PBXContainerItemProxy */;
		};
		C962C0392DC276FB00E7BB96 /* PBXTargetDependency */ = {
			isa = PBXTargetDependency;
			target = C962C01F2DC276FA00E7BB96 /* PremierMovies */;
			targetProxy = C962C0382DC276FB00E7BB96 /* PBXContainerItemProxy */;
		};
/* End PBXTargetDependency section */

/* Begin XCBuildConfiguration section */
		C962C03F2DC276FB00E7BB96 /* Debug */ = {
			isa = XCBuildConfiguration;
			buildSettings = {
				ALWAYS_SEARCH_USER_PATHS = NO;
				ASSETCATALOG_COMPILER_GENERATE_SWIFT_ASSET_SYMBOL_EXTENSIONS = YES;
				CLANG_ANALYZER_NONNULL = YES;
				CLANG_ANALYZER_NUMBER_OBJECT_CONVERSION = YES_AGGRESSIVE;
				CLANG_CXX_LANGUAGE_STANDARD = "gnu++20";
				CLANG_ENABLE_MODULES = YES;
				CLANG_ENABLE_OBJC_ARC = YES;
				CLANG_ENABLE_OBJC_WEAK = YES;
				CLANG_WARN_BLOCK_CAPTURE_AUTORELEASING = YES;
				CLANG_WARN_BOOL_CONVERSION = YES;
				CLANG_WARN_COMMA = YES;
				CLANG_WARN_CONSTANT_CONVERSION = YES;
				CLANG_WARN_DEPRECATED_OBJC_IMPLEMENTATIONS = YES;
				CLANG_WARN_DIRECT_OBJC_ISA_USAGE = YES_ERROR;
				CLANG_WARN_DOCUMENTATION_COMMENTS = YES;
				CLANG_WARN_EMPTY_BODY = YES;
				CLANG_WARN_ENUM_CONVERSION = YES;
				CLANG_WARN_INFINITE_RECURSION = YES;
				CLANG_WARN_INT_CONVERSION = YES;
				CLANG_WARN_NON_LITERAL_NULL_CONVERSION = YES;
				CLANG_WARN_OBJC_IMPLICIT_RETAIN_SELF = YES;
				CLANG_WARN_OBJC_LITERAL_CONVERSION = YES;
				CLANG_WARN_OBJC_ROOT_CLASS = YES_ERROR;
				CLANG_WARN_QUOTED_INCLUDE_IN_FRAMEWORK_HEADER = YES;
				CLANG_WARN_RANGE_LOOP_ANALYSIS = YES;
				CLANG_WARN_STRICT_PROTOTYPES = YES;
				CLANG_WARN_SUSPICIOUS_MOVE = YES;
				CLANG_WARN_UNGUARDED_AVAILABILITY = YES_AGGRESSIVE;
				CLANG_WARN_UNREACHABLE_CODE = YES;
				CLANG_WARN__DUPLICATE_METHOD_MATCH = YES;
				COPY_PHASE_STRIP = NO;
				DEBUG_INFORMATION_FORMAT = dwarf;
				DEVELOPMENT_TEAM = M3S4J75265;
				ENABLE_STRICT_OBJC_MSGSEND = YES;
				ENABLE_TESTABILITY = YES;
				ENABLE_USER_SCRIPT_SANDBOXING = YES;
				GCC_C_LANGUAGE_STANDARD = gnu17;
				GCC_DYNAMIC_NO_PIC = NO;
				GCC_NO_COMMON_BLOCKS = YES;
				GCC_OPTIMIZATION_LEVEL = 0;
				GCC_PREPROCESSOR_DEFINITIONS = (
					"DEBUG=1",
					"$(inherited)",
				);
				GCC_WARN_64_TO_32_BIT_CONVERSION = YES;
				GCC_WARN_ABOUT_RETURN_TYPE = YES_ERROR;
				GCC_WARN_UNDECLARED_SELECTOR = YES;
				GCC_WARN_UNINITIALIZED_AUTOS = YES_AGGRESSIVE;
				GCC_WARN_UNUSED_FUNCTION = YES;
				GCC_WARN_UNUSED_VARIABLE = YES;
				IPHONEOS_DEPLOYMENT_TARGET = 18.4;
				LOCALIZATION_PREFERS_STRING_CATALOGS = YES;
				MTL_ENABLE_DEBUG_INFO = INCLUDE_SOURCE;
				MTL_FAST_MATH = YES;
				ONLY_ACTIVE_ARCH = YES;
				SDKROOT = iphoneos;
				SWIFT_ACTIVE_COMPILATION_CONDITIONS = "DEBUG $(inherited)";
				SWIFT_OPTIMIZATION_LEVEL = "-Onone";
			};
			name = Debug;
		};
		C962C0402DC276FB00E7BB96 /* Release */ = {
			isa = XCBuildConfiguration;
			buildSettings = {
				ALWAYS_SEARCH_USER_PATHS = NO;
				ASSETCATALOG_COMPILER_GENERATE_SWIFT_ASSET_SYMBOL_EXTENSIONS = YES;
				CLANG_ANALYZER_NONNULL = YES;
				CLANG_ANALYZER_NUMBER_OBJECT_CONVERSION = YES_AGGRESSIVE;
				CLANG_CXX_LANGUAGE_STANDARD = "gnu++20";
				CLANG_ENABLE_MODULES = YES;
				CLANG_ENABLE_OBJC_ARC = YES;
				CLANG_ENABLE_OBJC_WEAK = YES;
				CLANG_WARN_BLOCK_CAPTURE_AUTORELEASING = YES;
				CLANG_WARN_BOOL_CONVERSION = YES;
				CLANG_WARN_COMMA = YES;
				CLANG_WARN_CONSTANT_CONVERSION = YES;
				CLANG_WARN_DEPRECATED_OBJC_IMPLEMENTATIONS = YES;
				CLANG_WARN_DIRECT_OBJC_ISA_USAGE = YES_ERROR;
				CLANG_WARN_DOCUMENTATION_COMMENTS = YES;
				CLANG_WARN_EMPTY_BODY = YES;
				CLANG_WARN_ENUM_CONVERSION = YES;
				CLANG_WARN_INFINITE_RECURSION = YES;
				CLANG_WARN_INT_CONVERSION = YES;
				CLANG_WARN_NON_LITERAL_NULL_CONVERSION = YES;
				CLANG_WARN_OBJC_IMPLICIT_RETAIN_SELF = YES;
				CLANG_WARN_OBJC_LITERAL_CONVERSION = YES;
				CLANG_WARN_OBJC_ROOT_CLASS = YES_ERROR;
				CLANG_WARN_QUOTED_INCLUDE_IN_FRAMEWORK_HEADER = YES;
				CLANG_WARN_RANGE_LOOP_ANALYSIS = YES;
				CLANG_WARN_STRICT_PROTOTYPES = YES;
				CLANG_WARN_SUSPICIOUS_MOVE = YES;
				CLANG_WARN_UNGUARDED_AVAILABILITY = YES_AGGRESSIVE;
				CLANG_WARN_UNREACHABLE_CODE = YES;
				CLANG_WARN__DUPLICATE_METHOD_MATCH = YES;
				COPY_PHASE_STRIP = NO;
				DEBUG_INFORMATION_FORMAT = "dwarf-with-dsym";
				DEVELOPMENT_TEAM = M3S4J75265;
				ENABLE_NS_ASSERTIONS = NO;
				ENABLE_STRICT_OBJC_MSGSEND = YES;
				ENABLE_USER_SCRIPT_SANDBOXING = YES;
				GCC_C_LANGUAGE_STANDARD = gnu17;
				GCC_NO_COMMON_BLOCKS = YES;
				GCC_WARN_64_TO_32_BIT_CONVERSION = YES;
				GCC_WARN_ABOUT_RETURN_TYPE = YES_ERROR;
				GCC_WARN_UNDECLARED_SELECTOR = YES;
				GCC_WARN_UNINITIALIZED_AUTOS = YES_AGGRESSIVE;
				GCC_WARN_UNUSED_FUNCTION = YES;
				GCC_WARN_UNUSED_VARIABLE = YES;
				IPHONEOS_DEPLOYMENT_TARGET = 18.4;
				LOCALIZATION_PREFERS_STRING_CATALOGS = YES;
				MTL_ENABLE_DEBUG_INFO = NO;
				MTL_FAST_MATH = YES;
				SDKROOT = iphoneos;
				SWIFT_COMPILATION_MODE = wholemodule;
				VALIDATE_PRODUCT = YES;
			};
			name = Release;
		};
		C962C0422DC276FB00E7BB96 /* Debug */ = {
			isa = XCBuildConfiguration;
			buildSettings = {
				ASSETCATALOG_COMPILER_APPICON_NAME = AppIcon;
				ASSETCATALOG_COMPILER_GLOBAL_ACCENT_COLOR_NAME = AccentColor;
				CODE_SIGN_STYLE = Automatic;
				CURRENT_PROJECT_VERSION = 1;
				DEVELOPMENT_TEAM = M3S4J75265;
				ENABLE_PREVIEWS = YES;
				GENERATE_INFOPLIST_FILE = YES;
				INFOPLIST_FILE = PremierMovies/Info.plist;
				INFOPLIST_KEY_UIApplicationSceneManifest_Generation = YES;
				INFOPLIST_KEY_UIApplicationSupportsIndirectInputEvents = YES;
				INFOPLIST_KEY_UILaunchScreen_Generation = YES;
				INFOPLIST_KEY_UISupportedInterfaceOrientations_iPad = "UIInterfaceOrientationPortrait UIInterfaceOrientationPortraitUpsideDown UIInterfaceOrientationLandscapeLeft UIInterfaceOrientationLandscapeRight";
				INFOPLIST_KEY_UISupportedInterfaceOrientations_iPhone = "UIInterfaceOrientationPortrait UIInterfaceOrientationLandscapeLeft UIInterfaceOrientationLandscapeRight";
				IPHONEOS_DEPLOYMENT_TARGET = 17.6;
				LD_RUNPATH_SEARCH_PATHS = (
					"$(inherited)",
					"@executable_path/Frameworks",
				);
				MARKETING_VERSION = 1.0;
				PRODUCT_BUNDLE_IDENTIFIER = com.capitan.PremierMovies;
				PRODUCT_NAME = "$(TARGET_NAME)";
				SWIFT_EMIT_LOC_STRINGS = YES;
				SWIFT_VERSION = 5.0;
				TARGETED_DEVICE_FAMILY = "1,2";
			};
			name = Debug;
		};
		C962C0432DC276FB00E7BB96 /* Release */ = {
			isa = XCBuildConfiguration;
			buildSettings = {
				ASSETCATALOG_COMPILER_APPICON_NAME = AppIcon;
				ASSETCATALOG_COMPILER_GLOBAL_ACCENT_COLOR_NAME = AccentColor;
				CODE_SIGN_STYLE = Automatic;
				CURRENT_PROJECT_VERSION = 1;
				DEVELOPMENT_TEAM = M3S4J75265;
				ENABLE_PREVIEWS = YES;
				GENERATE_INFOPLIST_FILE = YES;
				INFOPLIST_FILE = PremierMovies/Info.plist;
				INFOPLIST_KEY_UIApplicationSceneManifest_Generation = YES;
				INFOPLIST_KEY_UIApplicationSupportsIndirectInputEvents = YES;
				INFOPLIST_KEY_UILaunchScreen_Generation = YES;
				INFOPLIST_KEY_UISupportedInterfaceOrientations_iPad = "UIInterfaceOrientationPortrait UIInterfaceOrientationPortraitUpsideDown UIInterfaceOrientationLandscapeLeft UIInterfaceOrientationLandscapeRight";
				INFOPLIST_KEY_UISupportedInterfaceOrientations_iPhone = "UIInterfaceOrientationPortrait UIInterfaceOrientationLandscapeLeft UIInterfaceOrientationLandscapeRight";
				IPHONEOS_DEPLOYMENT_TARGET = 17.6;
				LD_RUNPATH_SEARCH_PATHS = (
					"$(inherited)",
					"@executable_path/Frameworks",
				);
				MARKETING_VERSION = 1.0;
				PRODUCT_BUNDLE_IDENTIFIER = com.capitan.PremierMovies;
				PRODUCT_NAME = "$(TARGET_NAME)";
				SWIFT_EMIT_LOC_STRINGS = YES;
				SWIFT_VERSION = 5.0;
				TARGETED_DEVICE_FAMILY = "1,2";
			};
			name = Release;
		};
		C962C0452DC276FB00E7BB96 /* Debug */ = {
			isa = XCBuildConfiguration;
			buildSettings = {
				BUNDLE_LOADER = "$(TEST_HOST)";
				CODE_SIGN_STYLE = Automatic;
				CURRENT_PROJECT_VERSION = 1;
				DEVELOPMENT_TEAM = M3S4J75265;
				GENERATE_INFOPLIST_FILE = YES;
				IPHONEOS_DEPLOYMENT_TARGET = 18.0;
				MARKETING_VERSION = 1.0;
				PRODUCT_BUNDLE_IDENTIFIER = com.capitan.PremierMoviesTests;
				PRODUCT_NAME = "$(TARGET_NAME)";
				SWIFT_EMIT_LOC_STRINGS = NO;
				SWIFT_VERSION = 5.0;
				TARGETED_DEVICE_FAMILY = "1,2";
				TEST_HOST = "$(BUILT_PRODUCTS_DIR)/PremierMovies.app/$(BUNDLE_EXECUTABLE_FOLDER_PATH)/PremierMovies";
			};
			name = Debug;
		};
		C962C0462DC276FB00E7BB96 /* Release */ = {
			isa = XCBuildConfiguration;
			buildSettings = {
				BUNDLE_LOADER = "$(TEST_HOST)";
				CODE_SIGN_STYLE = Automatic;
				CURRENT_PROJECT_VERSION = 1;
				DEVELOPMENT_TEAM = M3S4J75265;
				GENERATE_INFOPLIST_FILE = YES;
				IPHONEOS_DEPLOYMENT_TARGET = 18.0;
				MARKETING_VERSION = 1.0;
				PRODUCT_BUNDLE_IDENTIFIER = com.capitan.PremierMoviesTests;
				PRODUCT_NAME = "$(TARGET_NAME)";
				SWIFT_EMIT_LOC_STRINGS = NO;
				SWIFT_VERSION = 5.0;
				TARGETED_DEVICE_FAMILY = "1,2";
				TEST_HOST = "$(BUILT_PRODUCTS_DIR)/PremierMovies.app/$(BUNDLE_EXECUTABLE_FOLDER_PATH)/PremierMovies";
			};
			name = Release;
		};
		C962C0482DC276FB00E7BB96 /* Debug */ = {
			isa = XCBuildConfiguration;
			buildSettings = {
				CODE_SIGN_STYLE = Automatic;
				CURRENT_PROJECT_VERSION = 1;
				DEVELOPMENT_TEAM = M3S4J75265;
				GENERATE_INFOPLIST_FILE = YES;
				MARKETING_VERSION = 1.0;
				PRODUCT_BUNDLE_IDENTIFIER = com.capitan.PremierMoviesUITests;
				PRODUCT_NAME = "$(TARGET_NAME)";
				SWIFT_EMIT_LOC_STRINGS = NO;
				SWIFT_VERSION = 5.0;
				TARGETED_DEVICE_FAMILY = "1,2";
				TEST_TARGET_NAME = PremierMovies;
			};
			name = Debug;
		};
		C962C0492DC276FB00E7BB96 /* Release */ = {
			isa = XCBuildConfiguration;
			buildSettings = {
				CODE_SIGN_STYLE = Automatic;
				CURRENT_PROJECT_VERSION = 1;
				DEVELOPMENT_TEAM = M3S4J75265;
				GENERATE_INFOPLIST_FILE = YES;
				MARKETING_VERSION = 1.0;
				PRODUCT_BUNDLE_IDENTIFIER = com.capitan.PremierMoviesUITests;
				PRODUCT_NAME = "$(TARGET_NAME)";
				SWIFT_EMIT_LOC_STRINGS = NO;
				SWIFT_VERSION = 5.0;
				TARGETED_DEVICE_FAMILY = "1,2";
				TEST_TARGET_NAME = PremierMovies;
			};
			name = Release;
		};
/* End XCBuildConfiguration section */

/* Begin XCConfigurationList section */
		C962C01B2DC276FA00E7BB96 /* Build configuration list for PBXProject "PremierMovies" */ = {
			isa = XCConfigurationList;
			buildConfigurations = (
				C962C03F2DC276FB00E7BB96 /* Debug */,
				C962C0402DC276FB00E7BB96 /* Release */,
			);
			defaultConfigurationIsVisible = 0;
			defaultConfigurationName = Release;
		};
		C962C0412DC276FB00E7BB96 /* Build configuration list for PBXNativeTarget "PremierMovies" */ = {
			isa = XCConfigurationList;
			buildConfigurations = (
				C962C0422DC276FB00E7BB96 /* Debug */,
				C962C0432DC276FB00E7BB96 /* Release */,
			);
			defaultConfigurationIsVisible = 0;
			defaultConfigurationName = Release;
		};
		C962C0442DC276FB00E7BB96 /* Build configuration list for PBXNativeTarget "PremierMoviesTests" */ = {
			isa = XCConfigurationList;
			buildConfigurations = (
				C962C0452DC276FB00E7BB96 /* Debug */,
				C962C0462DC276FB00E7BB96 /* Release */,
			);
			defaultConfigurationIsVisible = 0;
			defaultConfigurationName = Release;
		};
		C962C0472DC276FB00E7BB96 /* Build configuration list for PBXNativeTarget "PremierMoviesUITests" */ = {
			isa = XCConfigurationList;
			buildConfigurations = (
				C962C0482DC276FB00E7BB96 /* Debug */,
				C962C0492DC276FB00E7BB96 /* Release */,
			);
			defaultConfigurationIsVisible = 0;
			defaultConfigurationName = Release;
		};
/* End XCConfigurationList section */
	};
	rootObject = C962C0182DC276FA00E7BB96 /* Project object */;
}
